// !$*UTF8*$!
{
	archiveVersion = 1;
	classes = {
	};
	objectVersion = 56;
	objects = {

/* Begin PBXBuildFile section */
		D80419C029894ECD00B216CB /* LoginController.swift in Sources */ = {isa = PBXBuildFile; fileRef = D80419BF29894ECD00B216CB /* LoginController.swift */; };
		D839ECF52984FB3A0038D299 /* MainTabBarController.swift in Sources */ = {isa = PBXBuildFile; fileRef = D839ECF42984FB3A0038D299 /* MainTabBarController.swift */; };
		D839ECF72984FF960038D299 /* UserProfileController.swift in Sources */ = {isa = PBXBuildFile; fileRef = D839ECF62984FF960038D299 /* UserProfileController.swift */; };
		D8B09B4729841DD1001D0E31 /* FirebaseStorage in Frameworks */ = {isa = PBXBuildFile; productRef = D8B09B4629841DD1001D0E31 /* FirebaseStorage */; };
		D8EAC95E298BDEFB00E0634B /* PhotoSelectorController.swift in Sources */ = {isa = PBXBuildFile; fileRef = D8EAC95D298BDEFB00E0634B /* PhotoSelectorController.swift */; };
		D8EFAE85298294C10060ACE1 /* GoogleService-Info.plist in Resources */ = {isa = PBXBuildFile; fileRef = D8EFAE84298294C10060ACE1 /* GoogleService-Info.plist */; };
		D8EFAE88298299180060ACE1 /* FirebaseAuth in Frameworks */ = {isa = PBXBuildFile; productRef = D8EFAE87298299180060ACE1 /* FirebaseAuth */; };
		D8EFAE8A298299180060ACE1 /* FirebaseDatabase in Frameworks */ = {isa = PBXBuildFile; productRef = D8EFAE89298299180060ACE1 /* FirebaseDatabase */; };
		D8F1D8D02986BD650082D663 /* UserProfileHeader.swift in Sources */ = {isa = PBXBuildFile; fileRef = D8F1D8CF2986BD650082D663 /* UserProfileHeader.swift */; };
		D8FE180F29811F2000400000 /* AppDelegate.swift in Sources */ = {isa = PBXBuildFile; fileRef = D8FE180E29811F2000400000 /* AppDelegate.swift */; };
		D8FE181129811F2000400000 /* SceneDelegate.swift in Sources */ = {isa = PBXBuildFile; fileRef = D8FE181029811F2000400000 /* SceneDelegate.swift */; };
		D8FE181329811F2000400000 /* SignUpController.swift in Sources */ = {isa = PBXBuildFile; fileRef = D8FE181229811F2000400000 /* SignUpController.swift */; };
		D8FE181629811F2000400000 /* Main.storyboard in Resources */ = {isa = PBXBuildFile; fileRef = D8FE181429811F2000400000 /* Main.storyboard */; };
		D8FE181829811F2100400000 /* Assets.xcassets in Resources */ = {isa = PBXBuildFile; fileRef = D8FE181729811F2100400000 /* Assets.xcassets */; };
		D8FE181B29811F2100400000 /* LaunchScreen.storyboard in Resources */ = {isa = PBXBuildFile; fileRef = D8FE181929811F2100400000 /* LaunchScreen.storyboard */; };
		D8FE182429815A0E00400000 /* Extensions.swift in Sources */ = {isa = PBXBuildFile; fileRef = D8FE182329815A0E00400000 /* Extensions.swift */; };
/* End PBXBuildFile section */

/* Begin PBXFileReference section */
		D80419BF29894ECD00B216CB /* LoginController.swift */ = {isa = PBXFileReference; lastKnownFileType = sourcecode.swift; path = LoginController.swift; sourceTree = "<group>"; };
		D839ECF42984FB3A0038D299 /* MainTabBarController.swift */ = {isa = PBXFileReference; lastKnownFileType = sourcecode.swift; path = MainTabBarController.swift; sourceTree = "<group>"; };
		D839ECF62984FF960038D299 /* UserProfileController.swift */ = {isa = PBXFileReference; lastKnownFileType = sourcecode.swift; path = UserProfileController.swift; sourceTree = "<group>"; };
		D8EAC95D298BDEFB00E0634B /* PhotoSelectorController.swift */ = {isa = PBXFileReference; lastKnownFileType = sourcecode.swift; path = PhotoSelectorController.swift; sourceTree = "<group>"; };
		D8EFAE84298294C10060ACE1 /* GoogleService-Info.plist */ = {isa = PBXFileReference; fileEncoding = 4; lastKnownFileType = text.plist.xml; path = "GoogleService-Info.plist"; sourceTree = "<group>"; };
		D8F1D8CF2986BD650082D663 /* UserProfileHeader.swift */ = {isa = PBXFileReference; lastKnownFileType = sourcecode.swift; path = UserProfileHeader.swift; sourceTree = "<group>"; };
		D8FE180B29811F2000400000 /* InstaFB.app */ = {isa = PBXFileReference; explicitFileType = wrapper.application; includeInIndex = 0; path = InstaFB.app; sourceTree = BUILT_PRODUCTS_DIR; };
		D8FE180E29811F2000400000 /* AppDelegate.swift */ = {isa = PBXFileReference; lastKnownFileType = sourcecode.swift; path = AppDelegate.swift; sourceTree = "<group>"; };
		D8FE181029811F2000400000 /* SceneDelegate.swift */ = {isa = PBXFileReference; lastKnownFileType = sourcecode.swift; path = SceneDelegate.swift; sourceTree = "<group>"; };
		D8FE181229811F2000400000 /* SignUpController.swift */ = {isa = PBXFileReference; lastKnownFileType = sourcecode.swift; path = SignUpController.swift; sourceTree = "<group>"; };
		D8FE181529811F2000400000 /* Base */ = {isa = PBXFileReference; lastKnownFileType = file.storyboard; name = Base; path = Base.lproj/Main.storyboard; sourceTree = "<group>"; };
		D8FE181729811F2100400000 /* Assets.xcassets */ = {isa = PBXFileReference; lastKnownFileType = folder.assetcatalog; path = Assets.xcassets; sourceTree = "<group>"; };
		D8FE181A29811F2100400000 /* Base */ = {isa = PBXFileReference; lastKnownFileType = file.storyboard; name = Base; path = Base.lproj/LaunchScreen.storyboard; sourceTree = "<group>"; };
		D8FE181C29811F2100400000 /* Info.plist */ = {isa = PBXFileReference; lastKnownFileType = text.plist.xml; path = Info.plist; sourceTree = "<group>"; };
		D8FE182329815A0E00400000 /* Extensions.swift */ = {isa = PBXFileReference; lastKnownFileType = sourcecode.swift; path = Extensions.swift; sourceTree = "<group>"; };
/* End PBXFileReference section */

/* Begin PBXFrameworksBuildPhase section */
		D8FE180829811F2000400000 /* Frameworks */ = {
			isa = PBXFrameworksBuildPhase;
			buildActionMask = 2147483647;
			files = (
				D8EFAE8A298299180060ACE1 /* FirebaseDatabase in Frameworks */,
				D8B09B4729841DD1001D0E31 /* FirebaseStorage in Frameworks */,
				D8EFAE88298299180060ACE1 /* FirebaseAuth in Frameworks */,
			);
			runOnlyForDeploymentPostprocessing = 0;
		};
/* End PBXFrameworksBuildPhase section */

/* Begin PBXGroup section */
		D80419BE29894EB700B216CB /* Login */ = {
			isa = PBXGroup;
			children = (
				D80419BF29894ECD00B216CB /* LoginController.swift */,
				D8FE181229811F2000400000 /* SignUpController.swift */,
			);
			path = Login;
			sourceTree = "<group>";
		};
		D8EAC95C298BDED800E0634B /* AddPhoto */ = {
			isa = PBXGroup;
			children = (
				D8EAC95D298BDEFB00E0634B /* PhotoSelectorController.swift */,
			);
			path = AddPhoto;
			sourceTree = "<group>";
		};
		D8EFAE8D29839CCD0060ACE1 /* Frameworks */ = {
			isa = PBXGroup;
			children = (
			);
			name = Frameworks;
			sourceTree = "<group>";
		};
		D8F1D8CE2986BD3D0082D663 /* UserProfile */ = {
			isa = PBXGroup;
			children = (
				D839ECF62984FF960038D299 /* UserProfileController.swift */,
				D8F1D8CF2986BD650082D663 /* UserProfileHeader.swift */,
			);
			path = UserProfile;
			sourceTree = "<group>";
		};
		D8FE180229811F2000400000 = {
			isa = PBXGroup;
			children = (
				D8FE180D29811F2000400000 /* InstaFB */,
				D8FE180C29811F2000400000 /* Products */,
				D8EFAE8D29839CCD0060ACE1 /* Frameworks */,
			);
			sourceTree = "<group>";
		};
		D8FE180C29811F2000400000 /* Products */ = {
			isa = PBXGroup;
			children = (
				D8FE180B29811F2000400000 /* InstaFB.app */,
			);
			name = Products;
			sourceTree = "<group>";
		};
		D8FE180D29811F2000400000 /* InstaFB */ = {
			isa = PBXGroup;
			children = (
				D8EAC95C298BDED800E0634B /* AddPhoto */,
				D80419BE29894EB700B216CB /* Login */,
				D8F1D8CE2986BD3D0082D663 /* UserProfile */,
				D8FE182229815A0100400000 /* Utils */,
				D8FE180E29811F2000400000 /* AppDelegate.swift */,
				D8FE181029811F2000400000 /* SceneDelegate.swift */,
				D839ECF42984FB3A0038D299 /* MainTabBarController.swift */,
				D8FE181429811F2000400000 /* Main.storyboard */,
				D8FE181729811F2100400000 /* Assets.xcassets */,
				D8FE181929811F2100400000 /* LaunchScreen.storyboard */,
				D8FE181C29811F2100400000 /* Info.plist */,
				D8EFAE84298294C10060ACE1 /* GoogleService-Info.plist */,
			);
			path = InstaFB;
			sourceTree = "<group>";
		};
		D8FE182229815A0100400000 /* Utils */ = {
			isa = PBXGroup;
			children = (
				D8FE182329815A0E00400000 /* Extensions.swift */,
			);
			path = Utils;
			sourceTree = "<group>";
		};
/* End PBXGroup section */

/* Begin PBXNativeTarget section */
		D8FE180A29811F2000400000 /* InstaFB */ = {
			isa = PBXNativeTarget;
			buildConfigurationList = D8FE181F29811F2100400000 /* Build configuration list for PBXNativeTarget "InstaFB" */;
			buildPhases = (
				D8FE180729811F2000400000 /* Sources */,
				D8FE180829811F2000400000 /* Frameworks */,
				D8FE180929811F2000400000 /* Resources */,
			);
			buildRules = (
			);
			dependencies = (
			);
			name = InstaFB;
			packageProductDependencies = (
				D8EFAE87298299180060ACE1 /* FirebaseAuth */,
				D8EFAE89298299180060ACE1 /* FirebaseDatabase */,
				D8B09B4629841DD1001D0E31 /* FirebaseStorage */,
			);
			productName = InstaFB;
			productReference = D8FE180B29811F2000400000 /* InstaFB.app */;
			productType = "com.apple.product-type.application";
		};
/* End PBXNativeTarget section */

/* Begin PBXProject section */
		D8FE180329811F2000400000 /* Project object */ = {
			isa = PBXProject;
			attributes = {
				BuildIndependentTargetsInParallel = 1;
				LastSwiftUpdateCheck = 1410;
				LastUpgradeCheck = 1410;
				TargetAttributes = {
					D8FE180A29811F2000400000 = {
						CreatedOnToolsVersion = 14.1;
					};
				};
			};
			buildConfigurationList = D8FE180629811F2000400000 /* Build configuration list for PBXProject "InstaFB" */;
			compatibilityVersion = "Xcode 14.0";
			developmentRegion = en;
			hasScannedForEncodings = 0;
			knownRegions = (
				en,
				Base,
			);
			mainGroup = D8FE180229811F2000400000;
			packageReferences = (
				D8EFAE86298299180060ACE1 /* XCRemoteSwiftPackageReference "firebase-ios-sdk" */,
			);
			productRefGroup = D8FE180C29811F2000400000 /* Products */;
			projectDirPath = "";
			projectRoot = "";
			targets = (
				D8FE180A29811F2000400000 /* InstaFB */,
			);
		};
/* End PBXProject section */

/* Begin PBXResourcesBuildPhase section */
		D8FE180929811F2000400000 /* Resources */ = {
			isa = PBXResourcesBuildPhase;
			buildActionMask = 2147483647;
			files = (
				D8FE181B29811F2100400000 /* LaunchScreen.storyboard in Resources */,
				D8EFAE85298294C10060ACE1 /* GoogleService-Info.plist in Resources */,
				D8FE181829811F2100400000 /* Assets.xcassets in Resources */,
				D8FE181629811F2000400000 /* Main.storyboard in Resources */,
			);
			runOnlyForDeploymentPostprocessing = 0;
		};
/* End PBXResourcesBuildPhase section */

/* Begin PBXSourcesBuildPhase section */
		D8FE180729811F2000400000 /* Sources */ = {
			isa = PBXSourcesBuildPhase;
			buildActionMask = 2147483647;
			files = (
				D8FE181329811F2000400000 /* SignUpController.swift in Sources */,
				D8F1D8D02986BD650082D663 /* UserProfileHeader.swift in Sources */,
				D8FE180F29811F2000400000 /* AppDelegate.swift in Sources */,
				D8EAC95E298BDEFB00E0634B /* PhotoSelectorController.swift in Sources */,
				D839ECF72984FF960038D299 /* UserProfileController.swift in Sources */,
				D839ECF52984FB3A0038D299 /* MainTabBarController.swift in Sources */,
				D80419C029894ECD00B216CB /* LoginController.swift in Sources */,
				D8FE181129811F2000400000 /* SceneDelegate.swift in Sources */,
				D8FE182429815A0E00400000 /* Extensions.swift in Sources */,
			);
			runOnlyForDeploymentPostprocessing = 0;
		};
/* End PBXSourcesBuildPhase section */

/* Begin PBXVariantGroup section */
		D8FE181429811F2000400000 /* Main.storyboard */ = {
			isa = PBXVariantGroup;
			children = (
				D8FE181529811F2000400000 /* Base */,
			);
			name = Main.storyboard;
			sourceTree = "<group>";
		};
		D8FE181929811F2100400000 /* LaunchScreen.storyboard */ = {
			isa = PBXVariantGroup;
			children = (
				D8FE181A29811F2100400000 /* Base */,
			);
			name = LaunchScreen.storyboard;
			sourceTree = "<group>";
		};
/* End PBXVariantGroup section */

/* Begin XCBuildConfiguration section */
		D8FE181D29811F2100400000 /* Debug */ = {
			isa = XCBuildConfiguration;
			buildSettings = {
				ALWAYS_SEARCH_USER_PATHS = NO;
				CLANG_ANALYZER_NONNULL = YES;
				CLANG_ANALYZER_NUMBER_OBJECT_CONVERSION = YES_AGGRESSIVE;
				CLANG_CXX_LANGUAGE_STANDARD = "gnu++20";
				CLANG_ENABLE_MODULES = YES;
				CLANG_ENABLE_OBJC_ARC = YES;
				CLANG_ENABLE_OBJC_WEAK = YES;
				CLANG_WARN_BLOCK_CAPTURE_AUTORELEASING = YES;
				CLANG_WARN_BOOL_CONVERSION = YES;
				CLANG_WARN_COMMA = YES;
				CLANG_WARN_CONSTANT_CONVERSION = YES;
				CLANG_WARN_DEPRECATED_OBJC_IMPLEMENTATIONS = YES;
				CLANG_WARN_DIRECT_OBJC_ISA_USAGE = YES_ERROR;
				CLANG_WARN_DOCUMENTATION_COMMENTS = YES;
				CLANG_WARN_EMPTY_BODY = YES;
				CLANG_WARN_ENUM_CONVERSION = YES;
				CLANG_WARN_INFINITE_RECURSION = YES;
				CLANG_WARN_INT_CONVERSION = YES;
				CLANG_WARN_NON_LITERAL_NULL_CONVERSION = YES;
				CLANG_WARN_OBJC_IMPLICIT_RETAIN_SELF = YES;
				CLANG_WARN_OBJC_LITERAL_CONVERSION = YES;
				CLANG_WARN_OBJC_ROOT_CLASS = YES_ERROR;
				CLANG_WARN_QUOTED_INCLUDE_IN_FRAMEWORK_HEADER = YES;
				CLANG_WARN_RANGE_LOOP_ANALYSIS = YES;
				CLANG_WARN_STRICT_PROTOTYPES = YES;
				CLANG_WARN_SUSPICIOUS_MOVE = YES;
				CLANG_WARN_UNGUARDED_AVAILABILITY = YES_AGGRESSIVE;
				CLANG_WARN_UNREACHABLE_CODE = YES;
				CLANG_WARN__DUPLICATE_METHOD_MATCH = YES;
				COPY_PHASE_STRIP = NO;
				DEBUG_INFORMATION_FORMAT = dwarf;
				ENABLE_STRICT_OBJC_MSGSEND = YES;
				ENABLE_TESTABILITY = YES;
				GCC_C_LANGUAGE_STANDARD = gnu11;
				GCC_DYNAMIC_NO_PIC = NO;
				GCC_NO_COMMON_BLOCKS = YES;
				GCC_OPTIMIZATION_LEVEL = 0;
				GCC_PREPROCESSOR_DEFINITIONS = (
					"DEBUG=1",
					"$(inherited)",
				);
				GCC_WARN_64_TO_32_BIT_CONVERSION = YES;
				GCC_WARN_ABOUT_RETURN_TYPE = YES_ERROR;
				GCC_WARN_UNDECLARED_SELECTOR = YES;
				GCC_WARN_UNINITIALIZED_AUTOS = YES_AGGRESSIVE;
				GCC_WARN_UNUSED_FUNCTION = YES;
				GCC_WARN_UNUSED_VARIABLE = YES;
				IPHONEOS_DEPLOYMENT_TARGET = 16.1;
				MTL_ENABLE_DEBUG_INFO = INCLUDE_SOURCE;
				MTL_FAST_MATH = YES;
				ONLY_ACTIVE_ARCH = YES;
				SDKROOT = iphoneos;
				SWIFT_ACTIVE_COMPILATION_CONDITIONS = DEBUG;
				SWIFT_OPTIMIZATION_LEVEL = "-Onone";
			};
			name = Debug;
		};
		D8FE181E29811F2100400000 /* Release */ = {
			isa = XCBuildConfiguration;
			buildSettings = {
				ALWAYS_SEARCH_USER_PATHS = NO;
				CLANG_ANALYZER_NONNULL = YES;
				CLANG_ANALYZER_NUMBER_OBJECT_CONVERSION = YES_AGGRESSIVE;
				CLANG_CXX_LANGUAGE_STANDARD = "gnu++20";
				CLANG_ENABLE_MODULES = YES;
				CLANG_ENABLE_OBJC_ARC = YES;
				CLANG_ENABLE_OBJC_WEAK = YES;
				CLANG_WARN_BLOCK_CAPTURE_AUTORELEASING = YES;
				CLANG_WARN_BOOL_CONVERSION = YES;
				CLANG_WARN_COMMA = YES;
				CLANG_WARN_CONSTANT_CONVERSION = YES;
				CLANG_WARN_DEPRECATED_OBJC_IMPLEMENTATIONS = YES;
				CLANG_WARN_DIRECT_OBJC_ISA_USAGE = YES_ERROR;
				CLANG_WARN_DOCUMENTATION_COMMENTS = YES;
				CLANG_WARN_EMPTY_BODY = YES;
				CLANG_WARN_ENUM_CONVERSION = YES;
				CLANG_WARN_INFINITE_RECURSION = YES;
				CLANG_WARN_INT_CONVERSION = YES;
				CLANG_WARN_NON_LITERAL_NULL_CONVERSION = YES;
				CLANG_WARN_OBJC_IMPLICIT_RETAIN_SELF = YES;
				CLANG_WARN_OBJC_LITERAL_CONVERSION = YES;
				CLANG_WARN_OBJC_ROOT_CLASS = YES_ERROR;
				CLANG_WARN_QUOTED_INCLUDE_IN_FRAMEWORK_HEADER = YES;
				CLANG_WARN_RANGE_LOOP_ANALYSIS = YES;
				CLANG_WARN_STRICT_PROTOTYPES = YES;
				CLANG_WARN_SUSPICIOUS_MOVE = YES;
				CLANG_WARN_UNGUARDED_AVAILABILITY = YES_AGGRESSIVE;
				CLANG_WARN_UNREACHABLE_CODE = YES;
				CLANG_WARN__DUPLICATE_METHOD_MATCH = YES;
				COPY_PHASE_STRIP = NO;
				DEBUG_INFORMATION_FORMAT = "dwarf-with-dsym";
				ENABLE_NS_ASSERTIONS = NO;
				ENABLE_STRICT_OBJC_MSGSEND = YES;
				GCC_C_LANGUAGE_STANDARD = gnu11;
				GCC_NO_COMMON_BLOCKS = YES;
				GCC_WARN_64_TO_32_BIT_CONVERSION = YES;
				GCC_WARN_ABOUT_RETURN_TYPE = YES_ERROR;
				GCC_WARN_UNDECLARED_SELECTOR = YES;
				GCC_WARN_UNINITIALIZED_AUTOS = YES_AGGRESSIVE;
				GCC_WARN_UNUSED_FUNCTION = YES;
				GCC_WARN_UNUSED_VARIABLE = YES;
				IPHONEOS_DEPLOYMENT_TARGET = 16.1;
				MTL_ENABLE_DEBUG_INFO = NO;
				MTL_FAST_MATH = YES;
				SDKROOT = iphoneos;
				SWIFT_COMPILATION_MODE = wholemodule;
				SWIFT_OPTIMIZATION_LEVEL = "-O";
				VALIDATE_PRODUCT = YES;
			};
			name = Release;
		};
		D8FE182029811F2100400000 /* Debug */ = {
			isa = XCBuildConfiguration;
			buildSettings = {
				ASSETCATALOG_COMPILER_APPICON_NAME = AppIcon;
				ASSETCATALOG_COMPILER_GLOBAL_ACCENT_COLOR_NAME = AccentColor;
				CODE_SIGN_STYLE = Automatic;
				CURRENT_PROJECT_VERSION = 1;
				DEVELOPMENT_TEAM = Q5CYH8RVUS;
				GENERATE_INFOPLIST_FILE = YES;
				INFOPLIST_FILE = InstaFB/Info.plist;
				INFOPLIST_KEY_UIApplicationSupportsIndirectInputEvents = YES;
				INFOPLIST_KEY_UILaunchStoryboardName = LaunchScreen;
				INFOPLIST_KEY_UIMainStoryboardFile = Main;
				INFOPLIST_KEY_UISupportedInterfaceOrientations_iPad = "UIInterfaceOrientationPortrait UIInterfaceOrientationPortraitUpsideDown UIInterfaceOrientationLandscapeLeft UIInterfaceOrientationLandscapeRight";
				INFOPLIST_KEY_UISupportedInterfaceOrientations_iPhone = "UIInterfaceOrientationPortrait UIInterfaceOrientationLandscapeLeft UIInterfaceOrientationLandscapeRight";
				LD_RUNPATH_SEARCH_PATHS = (
					"$(inherited)",
					"@executable_path/Frameworks",
				);
				MARKETING_VERSION = 1.0;
				PRODUCT_BUNDLE_IDENTIFIER = com.joe3524.InstaFB;
				PRODUCT_NAME = "$(TARGET_NAME)";
				SWIFT_EMIT_LOC_STRINGS = YES;
				SWIFT_VERSION = 5.0;
				TARGETED_DEVICE_FAMILY = "1,2";
			};
			name = Debug;
		};
		D8FE182129811F2100400000 /* Release */ = {
			isa = XCBuildConfiguration;
			buildSettings = {
				ASSETCATALOG_COMPILER_APPICON_NAME = AppIcon;
				ASSETCATALOG_COMPILER_GLOBAL_ACCENT_COLOR_NAME = AccentColor;
				CODE_SIGN_STYLE = Automatic;
				CURRENT_PROJECT_VERSION = 1;
				DEVELOPMENT_TEAM = Q5CYH8RVUS;
				GENERATE_INFOPLIST_FILE = YES;
				INFOPLIST_FILE = InstaFB/Info.plist;
				INFOPLIST_KEY_UIApplicationSupportsIndirectInputEvents = YES;
				INFOPLIST_KEY_UILaunchStoryboardName = LaunchScreen;
				INFOPLIST_KEY_UIMainStoryboardFile = Main;
				INFOPLIST_KEY_UISupportedInterfaceOrientations_iPad = "UIInterfaceOrientationPortrait UIInterfaceOrientationPortraitUpsideDown UIInterfaceOrientationLandscapeLeft UIInterfaceOrientationLandscapeRight";
				INFOPLIST_KEY_UISupportedInterfaceOrientations_iPhone = "UIInterfaceOrientationPortrait UIInterfaceOrientationLandscapeLeft UIInterfaceOrientationLandscapeRight";
				LD_RUNPATH_SEARCH_PATHS = (
					"$(inherited)",
					"@executable_path/Frameworks",
				);
				MARKETING_VERSION = 1.0;
				PRODUCT_BUNDLE_IDENTIFIER = com.joe3524.InstaFB;
				PRODUCT_NAME = "$(TARGET_NAME)";
				SWIFT_EMIT_LOC_STRINGS = YES;
				SWIFT_VERSION = 5.0;
				TARGETED_DEVICE_FAMILY = "1,2";
			};
			name = Release;
		};
/* End XCBuildConfiguration section */

/* Begin XCConfigurationList section */
		D8FE180629811F2000400000 /* Build configuration list for PBXProject "InstaFB" */ = {
			isa = XCConfigurationList;
			buildConfigurations = (
				D8FE181D29811F2100400000 /* Debug */,
				D8FE181E29811F2100400000 /* Release */,
			);
			defaultConfigurationIsVisible = 0;
			defaultConfigurationName = Release;
		};
		D8FE181F29811F2100400000 /* Build configuration list for PBXNativeTarget "InstaFB" */ = {
			isa = XCConfigurationList;
			buildConfigurations = (
				D8FE182029811F2100400000 /* Debug */,
				D8FE182129811F2100400000 /* Release */,
			);
			defaultConfigurationIsVisible = 0;
			defaultConfigurationName = Release;
		};
/* End XCConfigurationList section */

/* Begin XCRemoteSwiftPackageReference section */
		D8EFAE86298299180060ACE1 /* XCRemoteSwiftPackageReference "firebase-ios-sdk" */ = {
			isa = XCRemoteSwiftPackageReference;
			repositoryURL = "https://github.com/firebase/firebase-ios-sdk";
			requirement = {
				kind = upToNextMajorVersion;
				minimumVersion = 9.0.0;
			};
		};
/* End XCRemoteSwiftPackageReference section */

/* Begin XCSwiftPackageProductDependency section */
		D8B09B4629841DD1001D0E31 /* FirebaseStorage */ = {
			isa = XCSwiftPackageProductDependency;
			package = D8EFAE86298299180060ACE1 /* XCRemoteSwiftPackageReference "firebase-ios-sdk" */;
			productName = FirebaseStorage;
		};
		D8EFAE87298299180060ACE1 /* FirebaseAuth */ = {
			isa = XCSwiftPackageProductDependency;
			package = D8EFAE86298299180060ACE1 /* XCRemoteSwiftPackageReference "firebase-ios-sdk" */;
			productName = FirebaseAuth;
		};
		D8EFAE89298299180060ACE1 /* FirebaseDatabase */ = {
			isa = XCSwiftPackageProductDependency;
			package = D8EFAE86298299180060ACE1 /* XCRemoteSwiftPackageReference "firebase-ios-sdk" */;
			productName = FirebaseDatabase;
		};
/* End XCSwiftPackageProductDependency section */
	};
	rootObject = D8FE180329811F2000400000 /* Project object */;
}
